
Microsoft Visual Studio Solution File, Format Version 12.00
# Visual Studio Version 16
VisualStudioVersion = 16.0.30011.22
MinimumVisualStudioVersion = 10.0.40219.1
Project("{FAE04EC0-301F-11D3-BF4B-00C04F79EFBC}") = "VaR", "VaR\VaR.csproj", "{AB40AEF2-3202-45EB-BE21-BA93430CC5BC}"
EndProject
Global
	GlobalSection(SolutionConfigurationPlatforms) = preSolution
		Debug|Any CPU = Debug|Any CPU
		Release|Any CPU = Release|Any CPU
	EndGlobalSection
	GlobalSection(ProjectConfigurationPlatforms) = postSolution
		{AB40AEF2-3202-45EB-BE21-BA93430CC5BC}.Debug|Any CPU.ActiveCfg = Debug|Any CPU
		{AB40AEF2-3202-45EB-BE21-BA93430CC5BC}.Debug|Any CPU.Build.0 = Debug|Any CPU
		{AB40AEF2-3202-45EB-BE21-BA93430CC5BC}.Release|Any CPU.ActiveCfg = Release|Any CPU
		{AB40AEF2-3202-45EB-BE21-BA93430CC5BC}.Release|Any CPU.Build.0 = Release|Any CPU
	EndGlobalSection
	GlobalSection(SolutionProperties) = preSolution
		HideSolutionNode = FALSE
	EndGlobalSection
	GlobalSection(ExtensibilityGlobals) = postSolution
		SolutionGuid = {7DA930DF-6C7A-4451-9446-1E1B37D42568}
	EndGlobalSection
EndGlobal
