
Microsoft Visual Studio Solution File, Format Version 12.00
# Visual Studio Version 16
VisualStudioVersion = 16.0.30011.22
MinimumVisualStudioVersion = 10.0.40219.1
Project("{FAE04EC0-301F-11D3-BF4B-00C04F79EFBC}") = "gyak8_TBCJ6C", "gyak8_TBCJ6C\gyak8_TBCJ6C.csproj", "{704B5A09-AA86-4C19-8C4F-ADC3C99F1250}"
EndProject
Global
	GlobalSection(SolutionConfigurationPlatforms) = preSolution
		Debug|Any CPU = Debug|Any CPU
		Release|Any CPU = Release|Any CPU
	EndGlobalSection
	GlobalSection(ProjectConfigurationPlatforms) = postSolution
		{704B5A09-AA86-4C19-8C4F-ADC3C99F1250}.Debug|Any CPU.ActiveCfg = Debug|Any CPU
		{704B5A09-AA86-4C19-8C4F-ADC3C99F1250}.Debug|Any CPU.Build.0 = Debug|Any CPU
		{704B5A09-AA86-4C19-8C4F-ADC3C99F1250}.Release|Any CPU.ActiveCfg = Release|Any CPU
		{704B5A09-AA86-4C19-8C4F-ADC3C99F1250}.Release|Any CPU.Build.0 = Release|Any CPU
	EndGlobalSection
	GlobalSection(SolutionProperties) = preSolution
		HideSolutionNode = FALSE
	EndGlobalSection
	GlobalSection(ExtensibilityGlobals) = postSolution
		SolutionGuid = {CB7D2071-FF95-4902-97E4-3B53AAF6B664}
	EndGlobalSection
EndGlobal
